
Microsoft Visual Studio Solution File, Format Version 12.00
# Visual Studio Version 17
VisualStudioVersion = 17.14.36811.4
MinimumVisualStudioVersion = 10.0.40219.1
Project("{FAE04EC0-301F-11D3-BF4B-00C04F79EFBC}") = "TaskService.API", "src\TaskService\TaskService.API\TaskService.API.csproj", "{FB8E9CB8-D25D-127D-340F-D0CC6AE778B3}"
EndProject
Project("{FAE04EC0-301F-11D3-BF4B-00C04F79EFBC}") = "TaskService.Application", "src\TaskService\TaskService.Application\TaskService.Application.csproj", "{73A94337-648F-04A0-3296-88BD10EA9428}"
EndProject
Project("{FAE04EC0-301F-11D3-BF4B-00C04F79EFBC}") = "TaskService.Domain", "src\TaskService\TaskService.Domain\TaskService.Domain.csproj", "{4C963A0A-5891-7662-B8D7-7CCE9EB1CF6E}"
EndProject
Project("{FAE04EC0-301F-11D3-BF4B-00C04F79EFBC}") = "TaskService.Infrastructure", "src\TaskService\TaskService.Infrastructure\TaskService.Infrastructure.csproj", "{308B7786-CD9D-CC03-A5F8-1D1EC519C0B9}"
EndProject
Project("{FAE04EC0-301F-11D3-BF4B-00C04F79EFBC}") = "AuthService.API", "src\AuthService\AuthService.API\AuthService.API.csproj", "{54BAF2AF-E900-5C60-9345-D8B2EDC265B7}"
EndProject
Project("{FAE04EC0-301F-11D3-BF4B-00C04F79EFBC}") = "AuthService.Application", "src\AuthService\AuthService.Application\AuthService.Application.csproj", "{A7992935-596F-2879-7E71-3BC2A73766E1}"
EndProject
Project("{FAE04EC0-301F-11D3-BF4B-00C04F79EFBC}") = "AuthService.Infrastructure", "src\AuthService\AuthService.Infrastructure\AuthService.Infrastructure.csproj", "{4A65E63A-F421-F663-9E8F-F427125FEF23}"
EndProject
Project("{FAE04EC0-301F-11D3-BF4B-00C04F79EFBC}") = "AuthService.Domain", "src\AuthService\AuthService.Domain\AuthService.Domain.csproj", "{EF66E6BA-E436-0CA9-5982-2302E3FFD7D3}"
EndProject
Project("{FAE04EC0-301F-11D3-BF4B-00C04F79EFBC}") = "AuthService.Tests", "test\AuthService.Tests\AuthService.Tests.csproj", "{51D0D9DF-FD9A-0D54-2BF6-5B7FCA28D28A}"
EndProject
Project("{FAE04EC0-301F-11D3-BF4B-00C04F79EFBC}") = "TaskService.Tests", "test\TaskService.Tests\TaskService.Tests.csproj", "{684E970C-B3F4-8226-09E4-45BB8AB038B6}"
EndProject
Project("{FAE04EC0-301F-11D3-BF4B-00C04F79EFBC}") = "TaskProcessor.Functions", "TaskProcessor.Functions\TaskProcessor.Functions.csproj", "{91465C61-3E20-4555-A1DC-197C82F22AA9}"
EndProject
Global
	GlobalSection(SolutionConfigurationPlatforms) = preSolution
		Debug|Any CPU = Debug|Any CPU
		Release|Any CPU = Release|Any CPU
	EndGlobalSection
	GlobalSection(ProjectConfigurationPlatforms) = postSolution
		{FB8E9CB8-D25D-127D-340F-D0CC6AE778B3}.Debug|Any CPU.ActiveCfg = Debug|Any CPU
		{FB8E9CB8-D25D-127D-340F-D0CC6AE778B3}.Debug|Any CPU.Build.0 = Debug|Any CPU
		{FB8E9CB8-D25D-127D-340F-D0CC6AE778B3}.Release|Any CPU.ActiveCfg = Release|Any CPU
		{FB8E9CB8-D25D-127D-340F-D0CC6AE778B3}.Release|Any CPU.Build.0 = Release|Any CPU
		{73A94337-648F-04A0-3296-88BD10EA9428}.Debug|Any CPU.ActiveCfg = Debug|Any CPU
		{73A94337-648F-04A0-3296-88BD10EA9428}.Debug|Any CPU.Build.0 = Debug|Any CPU
		{73A94337-648F-04A0-3296-88BD10EA9428}.Release|Any CPU.ActiveCfg = Release|Any CPU
		{73A94337-648F-04A0-3296-88BD10EA9428}.Release|Any CPU.Build.0 = Release|Any CPU
		{4C963A0A-5891-7662-B8D7-7CCE9EB1CF6E}.Debug|Any CPU.ActiveCfg = Debug|Any CPU
		{4C963A0A-5891-7662-B8D7-7CCE9EB1CF6E}.Debug|Any CPU.Build.0 = Debug|Any CPU
		{4C963A0A-5891-7662-B8D7-7CCE9EB1CF6E}.Release|Any CPU.ActiveCfg = Release|Any CPU
		{4C963A0A-5891-7662-B8D7-7CCE9EB1CF6E}.Release|Any CPU.Build.0 = Release|Any CPU
		{308B7786-CD9D-CC03-A5F8-1D1EC519C0B9}.Debug|Any CPU.ActiveCfg = Debug|Any CPU
		{308B7786-CD9D-CC03-A5F8-1D1EC519C0B9}.Debug|Any CPU.Build.0 = Debug|Any CPU
		{308B7786-CD9D-CC03-A5F8-1D1EC519C0B9}.Release|Any CPU.ActiveCfg = Release|Any CPU
		{308B7786-CD9D-CC03-A5F8-1D1EC519C0B9}.Release|Any CPU.Build.0 = Release|Any CPU
		{54BAF2AF-E900-5C60-9345-D8B2EDC265B7}.Debug|Any CPU.ActiveCfg = Debug|Any CPU
		{54BAF2AF-E900-5C60-9345-D8B2EDC265B7}.Debug|Any CPU.Build.0 = Debug|Any CPU
		{54BAF2AF-E900-5C60-9345-D8B2EDC265B7}.Release|Any CPU.ActiveCfg = Release|Any CPU
		{54BAF2AF-E900-5C60-9345-D8B2EDC265B7}.Release|Any CPU.Build.0 = Release|Any CPU
		{A7992935-596F-2879-7E71-3BC2A73766E1}.Debug|Any CPU.ActiveCfg = Debug|Any CPU
		{A7992935-596F-2879-7E71-3BC2A73766E1}.Debug|Any CPU.Build.0 = Debug|Any CPU
		{A7992935-596F-2879-7E71-3BC2A73766E1}.Release|Any CPU.ActiveCfg = Release|Any CPU
		{A7992935-596F-2879-7E71-3BC2A73766E1}.Release|Any CPU.Build.0 = Release|Any CPU
		{4A65E63A-F421-F663-9E8F-F427125FEF23}.Debug|Any CPU.ActiveCfg = Debug|Any CPU
		{4A65E63A-F421-F663-9E8F-F427125FEF23}.Debug|Any CPU.Build.0 = Debug|Any CPU
		{4A65E63A-F421-F663-9E8F-F427125FEF23}.Release|Any CPU.ActiveCfg = Release|Any CPU
		{4A65E63A-F421-F663-9E8F-F427125FEF23}.Release|Any CPU.Build.0 = Release|Any CPU
		{EF66E6BA-E436-0CA9-5982-2302E3FFD7D3}.Debug|Any CPU.ActiveCfg = Debug|Any CPU
		{EF66E6BA-E436-0CA9-5982-2302E3FFD7D3}.Debug|Any CPU.Build.0 = Debug|Any CPU
		{EF66E6BA-E436-0CA9-5982-2302E3FFD7D3}.Release|Any CPU.ActiveCfg = Release|Any CPU
		{EF66E6BA-E436-0CA9-5982-2302E3FFD7D3}.Release|Any CPU.Build.0 = Release|Any CPU
		{51D0D9DF-FD9A-0D54-2BF6-5B7FCA28D28A}.Debug|Any CPU.ActiveCfg = Debug|Any CPU
		{51D0D9DF-FD9A-0D54-2BF6-5B7FCA28D28A}.Debug|Any CPU.Build.0 = Debug|Any CPU
		{51D0D9DF-FD9A-0D54-2BF6-5B7FCA28D28A}.Release|Any CPU.ActiveCfg = Release|Any CPU
		{51D0D9DF-FD9A-0D54-2BF6-5B7FCA28D28A}.Release|Any CPU.Build.0 = Release|Any CPU
		{684E970C-B3F4-8226-09E4-45BB8AB038B6}.Debug|Any CPU.ActiveCfg = Debug|Any CPU
		{684E970C-B3F4-8226-09E4-45BB8AB038B6}.Debug|Any CPU.Build.0 = Debug|Any CPU
		{684E970C-B3F4-8226-09E4-45BB8AB038B6}.Release|Any CPU.ActiveCfg = Release|Any CPU
		{684E970C-B3F4-8226-09E4-45BB8AB038B6}.Release|Any CPU.Build.0 = Release|Any CPU
		{91465C61-3E20-4555-A1DC-197C82F22AA9}.Debug|Any CPU.ActiveCfg = Debug|Any CPU
		{91465C61-3E20-4555-A1DC-197C82F22AA9}.Debug|Any CPU.Build.0 = Debug|Any CPU
		{91465C61-3E20-4555-A1DC-197C82F22AA9}.Release|Any CPU.ActiveCfg = Release|Any CPU
		{91465C61-3E20-4555-A1DC-197C82F22AA9}.Release|Any CPU.Build.0 = Release|Any CPU
	EndGlobalSection
	GlobalSection(SolutionProperties) = preSolution
		HideSolutionNode = FALSE
	EndGlobalSection
	GlobalSection(ExtensibilityGlobals) = postSolution
		SolutionGuid = {E2E6BEE0-C19E-4278-8355-8DA37E6C2C21}
	EndGlobalSection
EndGlobal
